
Microsoft Visual Studio Solution File, Format Version 12.00
# Visual Studio Version 17
VisualStudioVersion = 17.3.32804.467
MinimumVisualStudioVersion = 10.0.40219.1
Project("{FAE04EC0-301F-11D3-BF4B-00C04F79EFBC}") = "Combining-Application-Relational-SQLDB", "Combining-Application-Relational-SQLDB\Combining-Application-Relational-SQLDB.csproj", "{A9FE3A83-324B-4F9B-B03E-454F58F9E4DE}"
EndProject
Global
	GlobalSection(SolutionConfigurationPlatforms) = preSolution
		Debug|Any CPU = Debug|Any CPU
		Release|Any CPU = Release|Any CPU
	EndGlobalSection
	GlobalSection(ProjectConfigurationPlatforms) = postSolution
		{A9FE3A83-324B-4F9B-B03E-454F58F9E4DE}.Debug|Any CPU.ActiveCfg = Debug|Any CPU
		{A9FE3A83-324B-4F9B-B03E-454F58F9E4DE}.Debug|Any CPU.Build.0 = Debug|Any CPU
		{A9FE3A83-324B-4F9B-B03E-454F58F9E4DE}.Release|Any CPU.ActiveCfg = Release|Any CPU
		{A9FE3A83-324B-4F9B-B03E-454F58F9E4DE}.Release|Any CPU.Build.0 = Release|Any CPU
	EndGlobalSection
	GlobalSection(SolutionProperties) = preSolution
		HideSolutionNode = FALSE
	EndGlobalSection
	GlobalSection(ExtensibilityGlobals) = postSolution
		SolutionGuid = {98F2E59A-B789-4AEE-9966-0D6EB29AD4C7}
	EndGlobalSection
EndGlobal
